PODS:
  - Flutter (1.0.0)
  - flutter_isolate (0.0.1):
    - Flutter
  - ir_sensor_plugin (0.0.1):
    - Flutter

DEPENDENCIES:
  - Flutter (from `Flutter`)
  - flutter_isolate (from `.symlinks/plugins/flutter_isolate/ios`)
  - ir_sensor_plugin (from `.symlinks/plugins/ir_sensor_plugin/ios`)

EXTERNAL SOURCES:
  Flutter:
    :path: Flutter
  flutter_isolate:
    :path: ".symlinks/plugins/flutter_isolate/ios"
  ir_sensor_plugin:
    :path: ".symlinks/plugins/ir_sensor_plugin/ios"

SPEC CHECKSUMS:
  Flutter: 50d75fe2f02b26cc09d224853bb45737f8b3214a
  flutter_isolate: 0edf5081826d071adf21759d1eb10ff5c24503b5
  ir_sensor_plugin: 7c36f2358479799b0f285e3a93bdd93302f5d436

PODFILE CHECKSUM: aafe91acc616949ddb318b77800a7f51bffa2a4c

COCOAPODS: 1.11.2
